
Microsoft Visual Studio Solution File, Format Version 12.00
# Visual Studio Version 17
VisualStudioVersion = 17.1.32210.238
MinimumVisualStudioVersion = 10.0.40219.1
Project("{FAE04EC0-301F-11D3-BF4B-00C04F79EFBC}") = "program", "program\program.csproj", "{6BF7284E-77FE-4D34-A3B5-10DB6DFCFA47}"
EndProject
Global
	GlobalSection(SolutionConfigurationPlatforms) = preSolution
		Debug|Any CPU = Debug|Any CPU
		Release|Any CPU = Release|Any CPU
	EndGlobalSection
	GlobalSection(ProjectConfigurationPlatforms) = postSolution
		{6BF7284E-77FE-4D34-A3B5-10DB6DFCFA47}.Debug|Any CPU.ActiveCfg = Debug|Any CPU
		{6BF7284E-77FE-4D34-A3B5-10DB6DFCFA47}.Debug|Any CPU.Build.0 = Debug|Any CPU
		{6BF7284E-77FE-4D34-A3B5-10DB6DFCFA47}.Release|Any CPU.ActiveCfg = Release|Any CPU
		{6BF7284E-77FE-4D34-A3B5-10DB6DFCFA47}.Release|Any CPU.Build.0 = Release|Any CPU
	EndGlobalSection
	GlobalSection(SolutionProperties) = preSolution
		HideSolutionNode = FALSE
	EndGlobalSection
	GlobalSection(ExtensibilityGlobals) = postSolution
		SolutionGuid = {819FA607-0E5C-4BA4-A26B-4F4BF5B817E4}
	EndGlobalSection
EndGlobal
